Microsoft Visual Studio Solution File, Format Version 12.00
# Visual Studio Version 17
VisualStudioVersion = 17.0.31903.59
MinimumVisualStudioVersion = 10.0.40219.1
Project("{FAE04EC0-301F-11D3-BF4B-00C04F79EFBC}") = "AGM_Minified", "AGM_Minified\AGM_Minified.csproj", "{A13D5F43-8E7A-4F62-9B29-84A2D5D2E913}"
EndProject
Global
	GlobalSection(SolutionConfigurationPlatforms) = preSolution
		Debug|Any CPU = Debug|Any CPU
		Release|Any CPU = Release|Any CPU
	EndGlobalSection
	GlobalSection(ProjectConfigurationPlatforms) = postSolution
		{A13D5F43-8E7A-4F62-9B29-84A2D5D2E913}.Debug|Any CPU.ActiveCfg = Debug|Any CPU
		{A13D5F43-8E7A-4F62-9B29-84A2D5D2E913}.Debug|Any CPU.Build.0 = Debug|Any CPU
		{A13D5F43-8E7A-4F62-9B29-84A2D5D2E913}.Release|Any CPU.ActiveCfg = Release|Any CPU
		{A13D5F43-8E7A-4F62-9B29-84A2D5D2E913}.Release|Any CPU.Build.0 = Release|Any CPU
	EndGlobalSection
EndGlobal
